// !$*UTF8*$!
{
	archiveVersion = 1;
	classes = {
	};
	objectVersion = 56;
	objects = {

/* Begin PBXBuildFile section */
		A41968572BF2A45D00A1B98F /* FirestoreManager.swift in Sources */ = {isa = PBXBuildFile; fileRef = A41968562BF2A45D00A1B98F /* FirestoreManager.swift */; };
		A4350DF32BEE717100566E30 /* FiltersView.swift in Sources */ = {isa = PBXBuildFile; fileRef = A4350DF22BEE717100566E30 /* FiltersView.swift */; };
		A4350DF52BEE71BE00566E30 /* TagIcon.swift in Sources */ = {isa = PBXBuildFile; fileRef = A4350DF42BEE71BE00566E30 /* TagIcon.swift */; };
		A4350DF72BEE71D400566E30 /* Tag.swift in Sources */ = {isa = PBXBuildFile; fileRef = A4350DF62BEE71D400566E30 /* Tag.swift */; };
		A4350DF92BEFB26600566E30 /* Message.swift in Sources */ = {isa = PBXBuildFile; fileRef = A4350DF82BEFB26600566E30 /* Message.swift */; };
		A4350DFB2BEFC30D00566E30 /* SearchBar.swift in Sources */ = {isa = PBXBuildFile; fileRef = A4350DFA2BEFC30D00566E30 /* SearchBar.swift */; };
		A448EC282BE12077009EF75C /* ExploreEventsView.swift in Sources */ = {isa = PBXBuildFile; fileRef = A448EC272BE12077009EF75C /* ExploreEventsView.swift */; };
		A448EC2A2BE12078009EF75C /* Assets.xcassets in Resources */ = {isa = PBXBuildFile; fileRef = A448EC292BE12078009EF75C /* Assets.xcassets */; };
		A448EC2D2BE12078009EF75C /* Preview Assets.xcassets in Resources */ = {isa = PBXBuildFile; fileRef = A448EC2C2BE12078009EF75C /* Preview Assets.xcassets */; };
		A448EC372BE12078009EF75C /* OxtownTests.swift in Sources */ = {isa = PBXBuildFile; fileRef = A448EC362BE12078009EF75C /* OxtownTests.swift */; };
		A448EC412BE12078009EF75C /* OxtownUITests.swift in Sources */ = {isa = PBXBuildFile; fileRef = A448EC402BE12078009EF75C /* OxtownUITests.swift */; };
		A448EC432BE12078009EF75C /* OxtownUITestsLaunchTests.swift in Sources */ = {isa = PBXBuildFile; fileRef = A448EC422BE12078009EF75C /* OxtownUITestsLaunchTests.swift */; };
		A448EC532BE12E5B009EF75C /* BackgroundAnimationView.swift in Sources */ = {isa = PBXBuildFile; fileRef = A448EC522BE12E5B009EF75C /* BackgroundAnimationView.swift */; };
		A448EC5A2BE271A2009EF75C /* SideMenuView.swift in Sources */ = {isa = PBXBuildFile; fileRef = A448EC592BE271A2009EF75C /* SideMenuView.swift */; };
		A448EC5C2BE28D08009EF75C /* CLLocation.swift in Sources */ = {isa = PBXBuildFile; fileRef = A448EC5B2BE28D08009EF75C /* CLLocation.swift */; };
		A448EC5D2BE28D08009EF75C /* CLLocation.swift in Sources */ = {isa = PBXBuildFile; fileRef = A448EC5B2BE28D08009EF75C /* CLLocation.swift */; };
		A448EC5E2BE28D08009EF75C /* CLLocation.swift in Sources */ = {isa = PBXBuildFile; fileRef = A448EC5B2BE28D08009EF75C /* CLLocation.swift */; };
		A448EC602BE2926F009EF75C /* Event.swift in Sources */ = {isa = PBXBuildFile; fileRef = A448EC5F2BE2926F009EF75C /* Event.swift */; };
		A448EC612BE2926F009EF75C /* Event.swift in Sources */ = {isa = PBXBuildFile; fileRef = A448EC5F2BE2926F009EF75C /* Event.swift */; };
		A448EC622BE2926F009EF75C /* Event.swift in Sources */ = {isa = PBXBuildFile; fileRef = A448EC5F2BE2926F009EF75C /* Event.swift */; };
		A4687FFA2BE440AF004876E8 /* GoogleService-Info.plist in Resources */ = {isa = PBXBuildFile; fileRef = A4687FF92BE440AF004876E8 /* GoogleService-Info.plist */; };
		A4687FFD2BE441BE004876E8 /* FirebaseAnalytics in Frameworks */ = {isa = PBXBuildFile; productRef = A4687FFC2BE441BE004876E8 /* FirebaseAnalytics */; };
		A4687FFF2BE441BE004876E8 /* FirebaseAuth in Frameworks */ = {isa = PBXBuildFile; productRef = A4687FFE2BE441BE004876E8 /* FirebaseAuth */; };
		A46880012BE441BE004876E8 /* FirebaseCrashlytics in Frameworks */ = {isa = PBXBuildFile; productRef = A46880002BE441BE004876E8 /* FirebaseCrashlytics */; };
		A46880032BE441BE004876E8 /* FirebaseDynamicLinks in Frameworks */ = {isa = PBXBuildFile; productRef = A46880022BE441BE004876E8 /* FirebaseDynamicLinks */; };
		A46880052BE441BE004876E8 /* FirebaseFirestore in Frameworks */ = {isa = PBXBuildFile; productRef = A46880042BE441BE004876E8 /* FirebaseFirestore */; };
		A46880072BE441BE004876E8 /* FirebaseMessaging in Frameworks */ = {isa = PBXBuildFile; productRef = A46880062BE441BE004876E8 /* FirebaseMessaging */; };
		A46880092BE441BE004876E8 /* FirebaseRemoteConfig in Frameworks */ = {isa = PBXBuildFile; productRef = A46880082BE441BE004876E8 /* FirebaseRemoteConfig */; };
		A468800B2BE441BE004876E8 /* FirebaseStorage in Frameworks */ = {isa = PBXBuildFile; productRef = A468800A2BE441BE004876E8 /* FirebaseStorage */; };
		A46880112BE44369004876E8 /* Constants.swift in Sources */ = {isa = PBXBuildFile; fileRef = A46880102BE44369004876E8 /* Constants.swift */; };
		A4BA300F2BED0DD40043EE69 /* MyEventsView.swift in Sources */ = {isa = PBXBuildFile; fileRef = A4BA300E2BED0DD40043EE69 /* MyEventsView.swift */; };
		A4BA30102BED23010043EE69 /* EventIcon.swift in Sources */ = {isa = PBXBuildFile; fileRef = A448EC502BE129A6009EF75C /* EventIcon.swift */; };
		A4BA30122BED72A70043EE69 /* HomeView.swift in Sources */ = {isa = PBXBuildFile; fileRef = A4BA30112BED72A70043EE69 /* HomeView.swift */; };
		A4BA30142BED7D710043EE69 /* OriginalEventsView.swift in Sources */ = {isa = PBXBuildFile; fileRef = A4BA30132BED7D710043EE69 /* OriginalEventsView.swift */; };
		A4CC9FEF2BE2C39F002D75EE /* OxtownApp.swift in Sources */ = {isa = PBXBuildFile; fileRef = A4CC9FEE2BE2C39F002D75EE /* OxtownApp.swift */; };
/* End PBXBuildFile section */

/* Begin PBXContainerItemProxy section */
		A448EC332BE12078009EF75C /* PBXContainerItemProxy */ = {
			isa = PBXContainerItemProxy;
			containerPortal = A448EC1A2BE12077009EF75C /* Project object */;
			proxyType = 1;
			remoteGlobalIDString = A448EC212BE12077009EF75C;
			remoteInfo = oxery;
		};
		A448EC3D2BE12078009EF75C /* PBXContainerItemProxy */ = {
			isa = PBXContainerItemProxy;
			containerPortal = A448EC1A2BE12077009EF75C /* Project object */;
			proxyType = 1;
			remoteGlobalIDString = A448EC212BE12077009EF75C;
			remoteInfo = oxery;
		};
/* End PBXContainerItemProxy section */

/* Begin PBXFileReference section */
		A41968562BF2A45D00A1B98F /* FirestoreManager.swift */ = {isa = PBXFileReference; lastKnownFileType = sourcecode.swift; path = FirestoreManager.swift; sourceTree = "<group>"; };
		A4350DF22BEE717100566E30 /* FiltersView.swift */ = {isa = PBXFileReference; lastKnownFileType = sourcecode.swift; path = FiltersView.swift; sourceTree = "<group>"; };
		A4350DF42BEE71BE00566E30 /* TagIcon.swift */ = {isa = PBXFileReference; lastKnownFileType = sourcecode.swift; path = TagIcon.swift; sourceTree = "<group>"; };
		A4350DF62BEE71D400566E30 /* Tag.swift */ = {isa = PBXFileReference; lastKnownFileType = sourcecode.swift; path = Tag.swift; sourceTree = "<group>"; };
		A4350DF82BEFB26600566E30 /* Message.swift */ = {isa = PBXFileReference; lastKnownFileType = sourcecode.swift; path = Message.swift; sourceTree = "<group>"; };
		A4350DFA2BEFC30D00566E30 /* SearchBar.swift */ = {isa = PBXFileReference; lastKnownFileType = sourcecode.swift; path = SearchBar.swift; sourceTree = "<group>"; };
		A448EC222BE12077009EF75C /* Oxtown.app */ = {isa = PBXFileReference; explicitFileType = wrapper.application; includeInIndex = 0; path = Oxtown.app; sourceTree = BUILT_PRODUCTS_DIR; };
		A448EC272BE12077009EF75C /* ExploreEventsView.swift */ = {isa = PBXFileReference; lastKnownFileType = sourcecode.swift; path = ExploreEventsView.swift; sourceTree = "<group>"; };
		A448EC292BE12078009EF75C /* Assets.xcassets */ = {isa = PBXFileReference; lastKnownFileType = folder.assetcatalog; path = Assets.xcassets; sourceTree = "<group>"; };
		A448EC2C2BE12078009EF75C /* Preview Assets.xcassets */ = {isa = PBXFileReference; lastKnownFileType = folder.assetcatalog; path = "Preview Assets.xcassets"; sourceTree = "<group>"; };
		A448EC322BE12078009EF75C /* OxtownTests.xctest */ = {isa = PBXFileReference; explicitFileType = wrapper.cfbundle; includeInIndex = 0; path = OxtownTests.xctest; sourceTree = BUILT_PRODUCTS_DIR; };
		A448EC362BE12078009EF75C /* OxtownTests.swift */ = {isa = PBXFileReference; lastKnownFileType = sourcecode.swift; path = OxtownTests.swift; sourceTree = "<group>"; };
		A448EC3C2BE12078009EF75C /* OxtownUITests.xctest */ = {isa = PBXFileReference; explicitFileType = wrapper.cfbundle; includeInIndex = 0; path = OxtownUITests.xctest; sourceTree = BUILT_PRODUCTS_DIR; };
		A448EC402BE12078009EF75C /* OxtownUITests.swift */ = {isa = PBXFileReference; lastKnownFileType = sourcecode.swift; path = OxtownUITests.swift; sourceTree = "<group>"; };
		A448EC422BE12078009EF75C /* OxtownUITestsLaunchTests.swift */ = {isa = PBXFileReference; lastKnownFileType = sourcecode.swift; path = OxtownUITestsLaunchTests.swift; sourceTree = "<group>"; };
		A448EC502BE129A6009EF75C /* EventIcon.swift */ = {isa = PBXFileReference; lastKnownFileType = sourcecode.swift; path = EventIcon.swift; sourceTree = "<group>"; };
		A448EC522BE12E5B009EF75C /* BackgroundAnimationView.swift */ = {isa = PBXFileReference; lastKnownFileType = sourcecode.swift; path = BackgroundAnimationView.swift; sourceTree = "<group>"; };
		A448EC592BE271A2009EF75C /* SideMenuView.swift */ = {isa = PBXFileReference; lastKnownFileType = sourcecode.swift; path = SideMenuView.swift; sourceTree = "<group>"; };
		A448EC5B2BE28D08009EF75C /* CLLocation.swift */ = {isa = PBXFileReference; fileEncoding = 4; lastKnownFileType = sourcecode.swift; path = CLLocation.swift; sourceTree = "<group>"; };
		A448EC5F2BE2926F009EF75C /* Event.swift */ = {isa = PBXFileReference; lastKnownFileType = sourcecode.swift; path = Event.swift; sourceTree = "<group>"; };
		A4687FF92BE440AF004876E8 /* GoogleService-Info.plist */ = {isa = PBXFileReference; fileEncoding = 4; lastKnownFileType = text.plist.xml; path = "GoogleService-Info.plist"; sourceTree = "<group>"; };
		A46880102BE44369004876E8 /* Constants.swift */ = {isa = PBXFileReference; lastKnownFileType = sourcecode.swift; path = Constants.swift; sourceTree = "<group>"; };
		A4BA300E2BED0DD40043EE69 /* MyEventsView.swift */ = {isa = PBXFileReference; lastKnownFileType = sourcecode.swift; path = MyEventsView.swift; sourceTree = "<group>"; };
		A4BA30112BED72A70043EE69 /* HomeView.swift */ = {isa = PBXFileReference; lastKnownFileType = sourcecode.swift; path = HomeView.swift; sourceTree = "<group>"; };
		A4BA30132BED7D710043EE69 /* OriginalEventsView.swift */ = {isa = PBXFileReference; lastKnownFileType = sourcecode.swift; path = OriginalEventsView.swift; sourceTree = "<group>"; };
		A4CC9FEE2BE2C39F002D75EE /* OxtownApp.swift */ = {isa = PBXFileReference; lastKnownFileType = sourcecode.swift; path = OxtownApp.swift; sourceTree = "<group>"; };
/* End PBXFileReference section */

/* Begin PBXFrameworksBuildPhase section */
		A448EC1F2BE12077009EF75C /* Frameworks */ = {
			isa = PBXFrameworksBuildPhase;
			buildActionMask = 2147483647;
			files = (
				A46880072BE441BE004876E8 /* FirebaseMessaging in Frameworks */,
				A46880012BE441BE004876E8 /* FirebaseCrashlytics in Frameworks */,
				A4687FFD2BE441BE004876E8 /* FirebaseAnalytics in Frameworks */,
				A46880092BE441BE004876E8 /* FirebaseRemoteConfig in Frameworks */,
				A4687FFF2BE441BE004876E8 /* FirebaseAuth in Frameworks */,
				A468800B2BE441BE004876E8 /* FirebaseStorage in Frameworks */,
				A46880052BE441BE004876E8 /* FirebaseFirestore in Frameworks */,
				A46880032BE441BE004876E8 /* FirebaseDynamicLinks in Frameworks */,
			);
			runOnlyForDeploymentPostprocessing = 0;
		};
		A448EC2F2BE12078009EF75C /* Frameworks */ = {
			isa = PBXFrameworksBuildPhase;
			buildActionMask = 2147483647;
			files = (
			);
			runOnlyForDeploymentPostprocessing = 0;
		};
		A448EC392BE12078009EF75C /* Frameworks */ = {
			isa = PBXFrameworksBuildPhase;
			buildActionMask = 2147483647;
			files = (
			);
			runOnlyForDeploymentPostprocessing = 0;
		};
/* End PBXFrameworksBuildPhase section */

/* Begin PBXGroup section */
		A448EC192BE12077009EF75C = {
			isa = PBXGroup;
			children = (
				A448EC242BE12077009EF75C /* Oxtown */,
				A448EC352BE12078009EF75C /* OxtownTests */,
				A448EC3F2BE12078009EF75C /* OxtownUITests */,
				A448EC232BE12077009EF75C /* Products */,
			);
			sourceTree = "<group>";
		};
		A448EC232BE12077009EF75C /* Products */ = {
			isa = PBXGroup;
			children = (
				A448EC222BE12077009EF75C /* Oxtown.app */,
				A448EC322BE12078009EF75C /* OxtownTests.xctest */,
				A448EC3C2BE12078009EF75C /* OxtownUITests.xctest */,
			);
			name = Products;
			sourceTree = "<group>";
		};
		A448EC242BE12077009EF75C /* Oxtown */ = {
			isa = PBXGroup;
			children = (
				A4CC9FEE2BE2C39F002D75EE /* OxtownApp.swift */,
				A448EC632BE2A522009EF75C /* Views */,
				A448EC4F2BE1298B009EF75C /* Components */,
				A46880122BE4597F004876E8 /* Models */,
				A468800F2BE4430C004876E8 /* Utility */,
				A4687FF92BE440AF004876E8 /* GoogleService-Info.plist */,
				A448EC542BE17575009EF75C /* Extensions */,
				A448EC292BE12078009EF75C /* Assets.xcassets */,
				A448EC2B2BE12078009EF75C /* Preview Content */,
			);
			path = Oxtown;
			sourceTree = "<group>";
		};
		A448EC2B2BE12078009EF75C /* Preview Content */ = {
			isa = PBXGroup;
			children = (
				A448EC2C2BE12078009EF75C /* Preview Assets.xcassets */,
			);
			path = "Preview Content";
			sourceTree = "<group>";
		};
		A448EC352BE12078009EF75C /* OxtownTests */ = {
			isa = PBXGroup;
			children = (
				A448EC362BE12078009EF75C /* OxtownTests.swift */,
			);
			path = OxtownTests;
			sourceTree = "<group>";
		};
		A448EC3F2BE12078009EF75C /* OxtownUITests */ = {
			isa = PBXGroup;
			children = (
				A448EC402BE12078009EF75C /* OxtownUITests.swift */,
				A448EC422BE12078009EF75C /* OxtownUITestsLaunchTests.swift */,
			);
			path = OxtownUITests;
			sourceTree = "<group>";
		};
		A448EC4F2BE1298B009EF75C /* Components */ = {
			isa = PBXGroup;
			children = (
				A448EC502BE129A6009EF75C /* EventIcon.swift */,
				A4350DF42BEE71BE00566E30 /* TagIcon.swift */,
				A448EC522BE12E5B009EF75C /* BackgroundAnimationView.swift */,
				A448EC592BE271A2009EF75C /* SideMenuView.swift */,
				A4350DF82BEFB26600566E30 /* Message.swift */,
				A4350DFA2BEFC30D00566E30 /* SearchBar.swift */,
			);
			path = Components;
			sourceTree = "<group>";
		};
		A448EC542BE17575009EF75C /* Extensions */ = {
			isa = PBXGroup;
			children = (
				A448EC5B2BE28D08009EF75C /* CLLocation.swift */,
				A448EC5F2BE2926F009EF75C /* Event.swift */,
				A4350DF62BEE71D400566E30 /* Tag.swift */,
			);
			path = Extensions;
			sourceTree = "<group>";
		};
		A448EC632BE2A522009EF75C /* Views */ = {
			isa = PBXGroup;
			children = (
				A4BA30112BED72A70043EE69 /* HomeView.swift */,
				A448EC272BE12077009EF75C /* ExploreEventsView.swift */,
				A4BA300E2BED0DD40043EE69 /* MyEventsView.swift */,
				A4BA30132BED7D710043EE69 /* OriginalEventsView.swift */,
				A4350DF22BEE717100566E30 /* FiltersView.swift */,
			);
			path = Views;
			sourceTree = "<group>";
		};
		A468800F2BE4430C004876E8 /* Utility */ = {
			isa = PBXGroup;
			children = (
				A46880102BE44369004876E8 /* Constants.swift */,
			);
			path = Utility;
			sourceTree = "<group>";
		};
		A46880122BE4597F004876E8 /* Models */ = {
			isa = PBXGroup;
			children = (
				A41968562BF2A45D00A1B98F /* FirestoreManager.swift */,
			);
			path = Models;
			sourceTree = "<group>";
		};
/* End PBXGroup section */

/* Begin PBXNativeTarget section */
		A448EC212BE12077009EF75C /* Oxtown */ = {
			isa = PBXNativeTarget;
			buildConfigurationList = A448EC462BE12078009EF75C /* Build configuration list for PBXNativeTarget "Oxtown" */;
			buildPhases = (
				A448EC1E2BE12077009EF75C /* Sources */,
				A448EC1F2BE12077009EF75C /* Frameworks */,
				A448EC202BE12077009EF75C /* Resources */,
			);
			buildRules = (
			);
			dependencies = (
			);
			name = Oxtown;
			packageProductDependencies = (
				A4687FFC2BE441BE004876E8 /* FirebaseAnalytics */,
				A4687FFE2BE441BE004876E8 /* FirebaseAuth */,
				A46880002BE441BE004876E8 /* FirebaseCrashlytics */,
				A46880022BE441BE004876E8 /* FirebaseDynamicLinks */,
				A46880042BE441BE004876E8 /* FirebaseFirestore */,
				A46880062BE441BE004876E8 /* FirebaseMessaging */,
				A46880082BE441BE004876E8 /* FirebaseRemoteConfig */,
				A468800A2BE441BE004876E8 /* FirebaseStorage */,
			);
			productName = oxery;
			productReference = A448EC222BE12077009EF75C /* Oxtown.app */;
			productType = "com.apple.product-type.application";
		};
		A448EC312BE12078009EF75C /* OxtownTests */ = {
			isa = PBXNativeTarget;
			buildConfigurationList = A448EC492BE12078009EF75C /* Build configuration list for PBXNativeTarget "OxtownTests" */;
			buildPhases = (
				A448EC2E2BE12078009EF75C /* Sources */,
				A448EC2F2BE12078009EF75C /* Frameworks */,
				A448EC302BE12078009EF75C /* Resources */,
			);
			buildRules = (
			);
			dependencies = (
				A448EC342BE12078009EF75C /* PBXTargetDependency */,
			);
			name = OxtownTests;
			productName = oxeryTests;
			productReference = A448EC322BE12078009EF75C /* OxtownTests.xctest */;
			productType = "com.apple.product-type.bundle.unit-test";
		};
		A448EC3B2BE12078009EF75C /* OxtownUITests */ = {
			isa = PBXNativeTarget;
			buildConfigurationList = A448EC4C2BE12078009EF75C /* Build configuration list for PBXNativeTarget "OxtownUITests" */;
			buildPhases = (
				A448EC382BE12078009EF75C /* Sources */,
				A448EC392BE12078009EF75C /* Frameworks */,
				A448EC3A2BE12078009EF75C /* Resources */,
			);
			buildRules = (
			);
			dependencies = (
				A448EC3E2BE12078009EF75C /* PBXTargetDependency */,
			);
			name = OxtownUITests;
			productName = oxeryUITests;
			productReference = A448EC3C2BE12078009EF75C /* OxtownUITests.xctest */;
			productType = "com.apple.product-type.bundle.ui-testing";
		};
/* End PBXNativeTarget section */

/* Begin PBXProject section */
		A448EC1A2BE12077009EF75C /* Project object */ = {
			isa = PBXProject;
			attributes = {
				BuildIndependentTargetsInParallel = 1;
				LastSwiftUpdateCheck = 1530;
				LastUpgradeCheck = 1530;
				TargetAttributes = {
					A448EC212BE12077009EF75C = {
						CreatedOnToolsVersion = 15.3;
					};
					A448EC312BE12078009EF75C = {
						CreatedOnToolsVersion = 15.3;
						TestTargetID = A448EC212BE12077009EF75C;
					};
					A448EC3B2BE12078009EF75C = {
						CreatedOnToolsVersion = 15.3;
						TestTargetID = A448EC212BE12077009EF75C;
					};
				};
			};
			buildConfigurationList = A448EC1D2BE12077009EF75C /* Build configuration list for PBXProject "Oxtown" */;
			compatibilityVersion = "Xcode 14.0";
			developmentRegion = en;
			hasScannedForEncodings = 0;
			knownRegions = (
				en,
				Base,
			);
			mainGroup = A448EC192BE12077009EF75C;
			packageReferences = (
				A4687FFB2BE441BE004876E8 /* XCRemoteSwiftPackageReference "firebase-ios-sdk" */,
			);
			productRefGroup = A448EC232BE12077009EF75C /* Products */;
			projectDirPath = "";
			projectRoot = "";
			targets = (
				A448EC212BE12077009EF75C /* Oxtown */,
				A448EC312BE12078009EF75C /* OxtownTests */,
				A448EC3B2BE12078009EF75C /* OxtownUITests */,
			);
		};
/* End PBXProject section */

/* Begin PBXResourcesBuildPhase section */
		A448EC202BE12077009EF75C /* Resources */ = {
			isa = PBXResourcesBuildPhase;
			buildActionMask = 2147483647;
			files = (
				A448EC2D2BE12078009EF75C /* Preview Assets.xcassets in Resources */,
				A448EC2A2BE12078009EF75C /* Assets.xcassets in Resources */,
				A4687FFA2BE440AF004876E8 /* GoogleService-Info.plist in Resources */,
			);
			runOnlyForDeploymentPostprocessing = 0;
		};
		A448EC302BE12078009EF75C /* Resources */ = {
			isa = PBXResourcesBuildPhase;
			buildActionMask = 2147483647;
			files = (
			);
			runOnlyForDeploymentPostprocessing = 0;
		};
		A448EC3A2BE12078009EF75C /* Resources */ = {
			isa = PBXResourcesBuildPhase;
			buildActionMask = 2147483647;
			files = (
			);
			runOnlyForDeploymentPostprocessing = 0;
		};
/* End PBXResourcesBuildPhase section */

/* Begin PBXSourcesBuildPhase section */
		A448EC1E2BE12077009EF75C /* Sources */ = {
			isa = PBXSourcesBuildPhase;
			buildActionMask = 2147483647;
			files = (
				A4BA300F2BED0DD40043EE69 /* MyEventsView.swift in Sources */,
				A4BA30102BED23010043EE69 /* EventIcon.swift in Sources */,
				A448EC282BE12077009EF75C /* ExploreEventsView.swift in Sources */,
				A4BA30122BED72A70043EE69 /* HomeView.swift in Sources */,
				A4350DF32BEE717100566E30 /* FiltersView.swift in Sources */,
				A4350DFB2BEFC30D00566E30 /* SearchBar.swift in Sources */,
				A448EC5C2BE28D08009EF75C /* CLLocation.swift in Sources */,
				A448EC5A2BE271A2009EF75C /* SideMenuView.swift in Sources */,
				A448EC602BE2926F009EF75C /* Event.swift in Sources */,
				A4350DF52BEE71BE00566E30 /* TagIcon.swift in Sources */,
				A4350DF92BEFB26600566E30 /* Message.swift in Sources */,
				A448EC532BE12E5B009EF75C /* BackgroundAnimationView.swift in Sources */,
				A4350DF72BEE71D400566E30 /* Tag.swift in Sources */,
				A4CC9FEF2BE2C39F002D75EE /* OxtownApp.swift in Sources */,
				A4BA30142BED7D710043EE69 /* OriginalEventsView.swift in Sources */,
				A41968572BF2A45D00A1B98F /* FirestoreManager.swift in Sources */,
				A46880112BE44369004876E8 /* Constants.swift in Sources */,
			);
			runOnlyForDeploymentPostprocessing = 0;
		};
		A448EC2E2BE12078009EF75C /* Sources */ = {
			isa = PBXSourcesBuildPhase;
			buildActionMask = 2147483647;
			files = (
				A448EC372BE12078009EF75C /* OxtownTests.swift in Sources */,
				A448EC612BE2926F009EF75C /* Event.swift in Sources */,
				A448EC5D2BE28D08009EF75C /* CLLocation.swift in Sources */,
			);
			runOnlyForDeploymentPostprocessing = 0;
		};
		A448EC382BE12078009EF75C /* Sources */ = {
			isa = PBXSourcesBuildPhase;
			buildActionMask = 2147483647;
			files = (
				A448EC622BE2926F009EF75C /* Event.swift in Sources */,
				A448EC5E2BE28D08009EF75C /* CLLocation.swift in Sources */,
				A448EC432BE12078009EF75C /* OxtownUITestsLaunchTests.swift in Sources */,
				A448EC412BE12078009EF75C /* OxtownUITests.swift in Sources */,
			);
			runOnlyForDeploymentPostprocessing = 0;
		};
/* End PBXSourcesBuildPhase section */

/* Begin PBXTargetDependency section */
		A448EC342BE12078009EF75C /* PBXTargetDependency */ = {
			isa = PBXTargetDependency;
			target = A448EC212BE12077009EF75C /* Oxtown */;
			targetProxy = A448EC332BE12078009EF75C /* PBXContainerItemProxy */;
		};
		A448EC3E2BE12078009EF75C /* PBXTargetDependency */ = {
			isa = PBXTargetDependency;
			target = A448EC212BE12077009EF75C /* Oxtown */;
			targetProxy = A448EC3D2BE12078009EF75C /* PBXContainerItemProxy */;
		};
/* End PBXTargetDependency section */

/* Begin XCBuildConfiguration section */
		A448EC442BE12078009EF75C /* Debug */ = {
			isa = XCBuildConfiguration;
			buildSettings = {
				ALWAYS_SEARCH_USER_PATHS = NO;
				ASSETCATALOG_COMPILER_GENERATE_SWIFT_ASSET_SYMBOL_EXTENSIONS = YES;
				CLANG_ANALYZER_NONNULL = YES;
				CLANG_ANALYZER_NUMBER_OBJECT_CONVERSION = YES_AGGRESSIVE;
				CLANG_CXX_LANGUAGE_STANDARD = "gnu++20";
				CLANG_ENABLE_MODULES = YES;
				CLANG_ENABLE_OBJC_ARC = YES;
				CLANG_ENABLE_OBJC_WEAK = YES;
				CLANG_WARN_BLOCK_CAPTURE_AUTORELEASING = YES;
				CLANG_WARN_BOOL_CONVERSION = YES;
				CLANG_WARN_COMMA = YES;
				CLANG_WARN_CONSTANT_CONVERSION = YES;
				CLANG_WARN_DEPRECATED_OBJC_IMPLEMENTATIONS = YES;
				CLANG_WARN_DIRECT_OBJC_ISA_USAGE = YES_ERROR;
				CLANG_WARN_DOCUMENTATION_COMMENTS = YES;
				CLANG_WARN_EMPTY_BODY = YES;
				CLANG_WARN_ENUM_CONVERSION = YES;
				CLANG_WARN_INFINITE_RECURSION = YES;
				CLANG_WARN_INT_CONVERSION = YES;
				CLANG_WARN_NON_LITERAL_NULL_CONVERSION = YES;
				CLANG_WARN_OBJC_IMPLICIT_RETAIN_SELF = YES;
				CLANG_WARN_OBJC_LITERAL_CONVERSION = YES;
				CLANG_WARN_OBJC_ROOT_CLASS = YES_ERROR;
				CLANG_WARN_QUOTED_INCLUDE_IN_FRAMEWORK_HEADER = YES;
				CLANG_WARN_RANGE_LOOP_ANALYSIS = YES;
				CLANG_WARN_STRICT_PROTOTYPES = YES;
				CLANG_WARN_SUSPICIOUS_MOVE = YES;
				CLANG_WARN_UNGUARDED_AVAILABILITY = YES_AGGRESSIVE;
				CLANG_WARN_UNREACHABLE_CODE = YES;
				CLANG_WARN__DUPLICATE_METHOD_MATCH = YES;
				COPY_PHASE_STRIP = NO;
				DEBUG_INFORMATION_FORMAT = dwarf;
				ENABLE_STRICT_OBJC_MSGSEND = YES;
				ENABLE_TESTABILITY = YES;
				ENABLE_USER_SCRIPT_SANDBOXING = YES;
				GCC_C_LANGUAGE_STANDARD = gnu17;
				GCC_DYNAMIC_NO_PIC = NO;
				GCC_NO_COMMON_BLOCKS = YES;
				GCC_OPTIMIZATION_LEVEL = 0;
				GCC_PREPROCESSOR_DEFINITIONS = (
					"DEBUG=1",
					"$(inherited)",
				);
				GCC_WARN_64_TO_32_BIT_CONVERSION = YES;
				GCC_WARN_ABOUT_RETURN_TYPE = YES_ERROR;
				GCC_WARN_UNDECLARED_SELECTOR = YES;
				GCC_WARN_UNINITIALIZED_AUTOS = YES_AGGRESSIVE;
				GCC_WARN_UNUSED_FUNCTION = YES;
				GCC_WARN_UNUSED_VARIABLE = YES;
				IPHONEOS_DEPLOYMENT_TARGET = 17.4;
				LOCALIZATION_PREFERS_STRING_CATALOGS = YES;
				MTL_ENABLE_DEBUG_INFO = INCLUDE_SOURCE;
				MTL_FAST_MATH = YES;
				ONLY_ACTIVE_ARCH = YES;
				SDKROOT = iphoneos;
				SWIFT_ACTIVE_COMPILATION_CONDITIONS = "DEBUG $(inherited)";
				SWIFT_OPTIMIZATION_LEVEL = "-Onone";
			};
			name = Debug;
		};
		A448EC452BE12078009EF75C /* Release */ = {
			isa = XCBuildConfiguration;
			buildSettings = {
				ALWAYS_SEARCH_USER_PATHS = NO;
				ASSETCATALOG_COMPILER_GENERATE_SWIFT_ASSET_SYMBOL_EXTENSIONS = YES;
				CLANG_ANALYZER_NONNULL = YES;
				CLANG_ANALYZER_NUMBER_OBJECT_CONVERSION = YES_AGGRESSIVE;
				CLANG_CXX_LANGUAGE_STANDARD = "gnu++20";
				CLANG_ENABLE_MODULES = YES;
				CLANG_ENABLE_OBJC_ARC = YES;
				CLANG_ENABLE_OBJC_WEAK = YES;
				CLANG_WARN_BLOCK_CAPTURE_AUTORELEASING = YES;
				CLANG_WARN_BOOL_CONVERSION = YES;
				CLANG_WARN_COMMA = YES;
				CLANG_WARN_CONSTANT_CONVERSION = YES;
				CLANG_WARN_DEPRECATED_OBJC_IMPLEMENTATIONS = YES;
				CLANG_WARN_DIRECT_OBJC_ISA_USAGE = YES_ERROR;
				CLANG_WARN_DOCUMENTATION_COMMENTS = YES;
				CLANG_WARN_EMPTY_BODY = YES;
				CLANG_WARN_ENUM_CONVERSION = YES;
				CLANG_WARN_INFINITE_RECURSION = YES;
				CLANG_WARN_INT_CONVERSION = YES;
				CLANG_WARN_NON_LITERAL_NULL_CONVERSION = YES;
				CLANG_WARN_OBJC_IMPLICIT_RETAIN_SELF = YES;
				CLANG_WARN_OBJC_LITERAL_CONVERSION = YES;
				CLANG_WARN_OBJC_ROOT_CLASS = YES_ERROR;
				CLANG_WARN_QUOTED_INCLUDE_IN_FRAMEWORK_HEADER = YES;
				CLANG_WARN_RANGE_LOOP_ANALYSIS = YES;
				CLANG_WARN_STRICT_PROTOTYPES = YES;
				CLANG_WARN_SUSPICIOUS_MOVE = YES;
				CLANG_WARN_UNGUARDED_AVAILABILITY = YES_AGGRESSIVE;
				CLANG_WARN_UNREACHABLE_CODE = YES;
				CLANG_WARN__DUPLICATE_METHOD_MATCH = YES;
				COPY_PHASE_STRIP = NO;
				DEBUG_INFORMATION_FORMAT = "dwarf-with-dsym";
				ENABLE_NS_ASSERTIONS = NO;
				ENABLE_STRICT_OBJC_MSGSEND = YES;
				ENABLE_USER_SCRIPT_SANDBOXING = YES;
				GCC_C_LANGUAGE_STANDARD = gnu17;
				GCC_NO_COMMON_BLOCKS = YES;
				GCC_WARN_64_TO_32_BIT_CONVERSION = YES;
				GCC_WARN_ABOUT_RETURN_TYPE = YES_ERROR;
				GCC_WARN_UNDECLARED_SELECTOR = YES;
				GCC_WARN_UNINITIALIZED_AUTOS = YES_AGGRESSIVE;
				GCC_WARN_UNUSED_FUNCTION = YES;
				GCC_WARN_UNUSED_VARIABLE = YES;
				IPHONEOS_DEPLOYMENT_TARGET = 17.4;
				LOCALIZATION_PREFERS_STRING_CATALOGS = YES;
				MTL_ENABLE_DEBUG_INFO = NO;
				MTL_FAST_MATH = YES;
				SDKROOT = iphoneos;
				SWIFT_COMPILATION_MODE = wholemodule;
				VALIDATE_PRODUCT = YES;
			};
			name = Release;
		};
		A448EC472BE12078009EF75C /* Debug */ = {
			isa = XCBuildConfiguration;
			buildSettings = {
				ASSETCATALOG_COMPILER_APPICON_NAME = AppIcon;
				ASSETCATALOG_COMPILER_GLOBAL_ACCENT_COLOR_NAME = AccentColor;
				CODE_SIGN_STYLE = Automatic;
				CURRENT_PROJECT_VERSION = 1;
				DEVELOPMENT_ASSET_PATHS = "\"Oxtown/Preview Content\"";
				DEVELOPMENT_TEAM = LUYSDL72V2;
				ENABLE_PREVIEWS = YES;
				GENERATE_INFOPLIST_FILE = YES;
				INFOPLIST_KEY_LSApplicationCategoryType = "public.app-category.utilities";
				INFOPLIST_KEY_UIApplicationSceneManifest_Generation = YES;
				INFOPLIST_KEY_UIApplicationSupportsIndirectInputEvents = YES;
				INFOPLIST_KEY_UILaunchScreen_Generation = YES;
				INFOPLIST_KEY_UIRequiresFullScreen = YES;
				INFOPLIST_KEY_UISupportedInterfaceOrientations = "UIInterfaceOrientationPortrait UIInterfaceOrientationPortraitUpsideDown";
				IPHONEOS_DEPLOYMENT_TARGET = 16.0;
				LD_RUNPATH_SEARCH_PATHS = (
					"$(inherited)",
					"@executable_path/Frameworks",
				);
				MARKETING_VERSION = 1.0;
				PRODUCT_BUNDLE_IDENTIFIER = Oxtown.Oxtown;
				PRODUCT_NAME = "$(TARGET_NAME)";
				SWIFT_EMIT_LOC_STRINGS = YES;
				SWIFT_VERSION = 5.0;
				TARGETED_DEVICE_FAMILY = "1,2";
			};
			name = Debug;
		};
		A448EC482BE12078009EF75C /* Release */ = {
			isa = XCBuildConfiguration;
			buildSettings = {
				ASSETCATALOG_COMPILER_APPICON_NAME = AppIcon;
				ASSETCATALOG_COMPILER_GLOBAL_ACCENT_COLOR_NAME = AccentColor;
				CODE_SIGN_STYLE = Automatic;
				CURRENT_PROJECT_VERSION = 1;
				DEVELOPMENT_ASSET_PATHS = "\"Oxtown/Preview Content\"";
				DEVELOPMENT_TEAM = LUYSDL72V2;
				ENABLE_PREVIEWS = YES;
				GENERATE_INFOPLIST_FILE = YES;
				INFOPLIST_KEY_LSApplicationCategoryType = "public.app-category.utilities";
				INFOPLIST_KEY_UIApplicationSceneManifest_Generation = YES;
				INFOPLIST_KEY_UIApplicationSupportsIndirectInputEvents = YES;
				INFOPLIST_KEY_UILaunchScreen_Generation = YES;
				INFOPLIST_KEY_UIRequiresFullScreen = YES;
				INFOPLIST_KEY_UISupportedInterfaceOrientations = "UIInterfaceOrientationPortrait UIInterfaceOrientationPortraitUpsideDown";
				IPHONEOS_DEPLOYMENT_TARGET = 16.0;
				LD_RUNPATH_SEARCH_PATHS = (
					"$(inherited)",
					"@executable_path/Frameworks",
				);
				MARKETING_VERSION = 1.0;
				PRODUCT_BUNDLE_IDENTIFIER = Oxtown.Oxtown;
				PRODUCT_NAME = "$(TARGET_NAME)";
				SWIFT_EMIT_LOC_STRINGS = YES;
				SWIFT_VERSION = 5.0;
				TARGETED_DEVICE_FAMILY = "1,2";
			};
			name = Release;
		};
		A448EC4A2BE12078009EF75C /* Debug */ = {
			isa = XCBuildConfiguration;
			buildSettings = {
				ALWAYS_EMBED_SWIFT_STANDARD_LIBRARIES = YES;
				BUNDLE_LOADER = "$(TEST_HOST)";
				CODE_SIGN_STYLE = Automatic;
				CURRENT_PROJECT_VERSION = 1;
				DEVELOPMENT_TEAM = LUYSDL72V2;
				GENERATE_INFOPLIST_FILE = YES;
				IPHONEOS_DEPLOYMENT_TARGET = 17.4;
				MARKETING_VERSION = 1.0;
				PRODUCT_BUNDLE_IDENTIFIER = Oxtown.OxtownTests;
				PRODUCT_NAME = "$(TARGET_NAME)";
				SWIFT_EMIT_LOC_STRINGS = NO;
				SWIFT_VERSION = 5.0;
				TARGETED_DEVICE_FAMILY = "1,2";
				TEST_HOST = "$(BUILT_PRODUCTS_DIR)/Oxtown.app/$(BUNDLE_EXECUTABLE_FOLDER_PATH)/Oxtown";
			};
			name = Debug;
		};
		A448EC4B2BE12078009EF75C /* Release */ = {
			isa = XCBuildConfiguration;
			buildSettings = {
				ALWAYS_EMBED_SWIFT_STANDARD_LIBRARIES = YES;
				BUNDLE_LOADER = "$(TEST_HOST)";
				CODE_SIGN_STYLE = Automatic;
				CURRENT_PROJECT_VERSION = 1;
				DEVELOPMENT_TEAM = LUYSDL72V2;
				GENERATE_INFOPLIST_FILE = YES;
				IPHONEOS_DEPLOYMENT_TARGET = 17.4;
				MARKETING_VERSION = 1.0;
				PRODUCT_BUNDLE_IDENTIFIER = Oxtown.OxtownTests;
				PRODUCT_NAME = "$(TARGET_NAME)";
				SWIFT_EMIT_LOC_STRINGS = NO;
				SWIFT_VERSION = 5.0;
				TARGETED_DEVICE_FAMILY = "1,2";
				TEST_HOST = "$(BUILT_PRODUCTS_DIR)/Oxtown.app/$(BUNDLE_EXECUTABLE_FOLDER_PATH)/Oxtown";
			};
			name = Release;
		};
		A448EC4D2BE12078009EF75C /* Debug */ = {
			isa = XCBuildConfiguration;
			buildSettings = {
				ALWAYS_EMBED_SWIFT_STANDARD_LIBRARIES = YES;
				CODE_SIGN_STYLE = Automatic;
				CURRENT_PROJECT_VERSION = 1;
				DEVELOPMENT_TEAM = LUYSDL72V2;
				GENERATE_INFOPLIST_FILE = YES;
				MARKETING_VERSION = 1.0;
				PRODUCT_BUNDLE_IDENTIFIER = Oxtown.OxtownUITests;
				PRODUCT_NAME = "$(TARGET_NAME)";
				SWIFT_EMIT_LOC_STRINGS = NO;
				SWIFT_VERSION = 5.0;
				TARGETED_DEVICE_FAMILY = "1,2";
				TEST_TARGET_NAME = Oxtown;
			};
			name = Debug;
		};
		A448EC4E2BE12078009EF75C /* Release */ = {
			isa = XCBuildConfiguration;
			buildSettings = {
				ALWAYS_EMBED_SWIFT_STANDARD_LIBRARIES = YES;
				CODE_SIGN_STYLE = Automatic;
				CURRENT_PROJECT_VERSION = 1;
				DEVELOPMENT_TEAM = LUYSDL72V2;
				GENERATE_INFOPLIST_FILE = YES;
				MARKETING_VERSION = 1.0;
				PRODUCT_BUNDLE_IDENTIFIER = Oxtown.OxtownUITests;
				PRODUCT_NAME = "$(TARGET_NAME)";
				SWIFT_EMIT_LOC_STRINGS = NO;
				SWIFT_VERSION = 5.0;
				TARGETED_DEVICE_FAMILY = "1,2";
				TEST_TARGET_NAME = Oxtown;
			};
			name = Release;
		};
/* End XCBuildConfiguration section */

/* Begin XCConfigurationList section */
		A448EC1D2BE12077009EF75C /* Build configuration list for PBXProject "Oxtown" */ = {
			isa = XCConfigurationList;
			buildConfigurations = (
				A448EC442BE12078009EF75C /* Debug */,
				A448EC452BE12078009EF75C /* Release */,
			);
			defaultConfigurationIsVisible = 0;
			defaultConfigurationName = Release;
		};
		A448EC462BE12078009EF75C /* Build configuration list for PBXNativeTarget "Oxtown" */ = {
			isa = XCConfigurationList;
			buildConfigurations = (
				A448EC472BE12078009EF75C /* Debug */,
				A448EC482BE12078009EF75C /* Release */,
			);
			defaultConfigurationIsVisible = 0;
			defaultConfigurationName = Release;
		};
		A448EC492BE12078009EF75C /* Build configuration list for PBXNativeTarget "OxtownTests" */ = {
			isa = XCConfigurationList;
			buildConfigurations = (
				A448EC4A2BE12078009EF75C /* Debug */,
				A448EC4B2BE12078009EF75C /* Release */,
			);
			defaultConfigurationIsVisible = 0;
			defaultConfigurationName = Release;
		};
		A448EC4C2BE12078009EF75C /* Build configuration list for PBXNativeTarget "OxtownUITests" */ = {
			isa = XCConfigurationList;
			buildConfigurations = (
				A448EC4D2BE12078009EF75C /* Debug */,
				A448EC4E2BE12078009EF75C /* Release */,
			);
			defaultConfigurationIsVisible = 0;
			defaultConfigurationName = Release;
		};
/* End XCConfigurationList section */

/* Begin XCRemoteSwiftPackageReference section */
		A4687FFB2BE441BE004876E8 /* XCRemoteSwiftPackageReference "firebase-ios-sdk" */ = {
			isa = XCRemoteSwiftPackageReference;
			repositoryURL = "https://github.com/firebase/firebase-ios-sdk";
			requirement = {
				kind = upToNextMajorVersion;
				minimumVersion = 10.25.0;
			};
		};
/* End XCRemoteSwiftPackageReference section */

/* Begin XCSwiftPackageProductDependency section */
		A4687FFC2BE441BE004876E8 /* FirebaseAnalytics */ = {
			isa = XCSwiftPackageProductDependency;
			package = A4687FFB2BE441BE004876E8 /* XCRemoteSwiftPackageReference "firebase-ios-sdk" */;
			productName = FirebaseAnalytics;
		};
		A4687FFE2BE441BE004876E8 /* FirebaseAuth */ = {
			isa = XCSwiftPackageProductDependency;
			package = A4687FFB2BE441BE004876E8 /* XCRemoteSwiftPackageReference "firebase-ios-sdk" */;
			productName = FirebaseAuth;
		};
		A46880002BE441BE004876E8 /* FirebaseCrashlytics */ = {
			isa = XCSwiftPackageProductDependency;
			package = A4687FFB2BE441BE004876E8 /* XCRemoteSwiftPackageReference "firebase-ios-sdk" */;
			productName = FirebaseCrashlytics;
		};
		A46880022BE441BE004876E8 /* FirebaseDynamicLinks */ = {
			isa = XCSwiftPackageProductDependency;
			package = A4687FFB2BE441BE004876E8 /* XCRemoteSwiftPackageReference "firebase-ios-sdk" */;
			productName = FirebaseDynamicLinks;
		};
		A46880042BE441BE004876E8 /* FirebaseFirestore */ = {
			isa = XCSwiftPackageProductDependency;
			package = A4687FFB2BE441BE004876E8 /* XCRemoteSwiftPackageReference "firebase-ios-sdk" */;
			productName = FirebaseFirestore;
		};
		A46880062BE441BE004876E8 /* FirebaseMessaging */ = {
			isa = XCSwiftPackageProductDependency;
			package = A4687FFB2BE441BE004876E8 /* XCRemoteSwiftPackageReference "firebase-ios-sdk" */;
			productName = FirebaseMessaging;
		};
		A46880082BE441BE004876E8 /* FirebaseRemoteConfig */ = {
			isa = XCSwiftPackageProductDependency;
			package = A4687FFB2BE441BE004876E8 /* XCRemoteSwiftPackageReference "firebase-ios-sdk" */;
			productName = FirebaseRemoteConfig;
		};
		A468800A2BE441BE004876E8 /* FirebaseStorage */ = {
			isa = XCSwiftPackageProductDependency;
			package = A4687FFB2BE441BE004876E8 /* XCRemoteSwiftPackageReference "firebase-ios-sdk" */;
			productName = FirebaseStorage;
		};
/* End XCSwiftPackageProductDependency section */
	};
	rootObject = A448EC1A2BE12077009EF75C /* Project object */;
}
